
Microsoft Visual Studio Solution File, Format Version 12.00
# Visual Studio Version 16
VisualStudioVersion = 16.0.31129.286
MinimumVisualStudioVersion = 10.0.40219.1
Project("{9A19103F-16F7-4668-BE54-9A1E7A4F7556}") = "WebApi", "WebApi\WebApi.csproj", "{1FB20469-23FD-4D35-B017-A0639D527CB0}"
EndProject
Project("{9A19103F-16F7-4668-BE54-9A1E7A4F7556}") = "Models", "Models\Models.csproj", "{CF67A052-1AC0-44D9-B157-9EBBA3E8262B}"
EndProject
Project("{9A19103F-16F7-4668-BE54-9A1E7A4F7556}") = "TestCore", "TestCore\TestCore.csproj", "{A869E00C-DA5E-49EA-8830-606D24D78BE0}"
EndProject
Project("{FAE04EC0-301F-11D3-BF4B-00C04F79EFBC}") = "ClientApp", "ClientApp\ClientApp.csproj", "{25D8BDAB-5EFE-4914-AA7A-2A309EAEDE3F}"
EndProject
Global
	GlobalSection(SolutionConfigurationPlatforms) = preSolution
		Debug|Any CPU = Debug|Any CPU
		Release|Any CPU = Release|Any CPU
	EndGlobalSection
	GlobalSection(ProjectConfigurationPlatforms) = postSolution
		{1FB20469-23FD-4D35-B017-A0639D527CB0}.Debug|Any CPU.ActiveCfg = Debug|Any CPU
		{1FB20469-23FD-4D35-B017-A0639D527CB0}.Debug|Any CPU.Build.0 = Debug|Any CPU
		{1FB20469-23FD-4D35-B017-A0639D527CB0}.Release|Any CPU.ActiveCfg = Release|Any CPU
		{1FB20469-23FD-4D35-B017-A0639D527CB0}.Release|Any CPU.Build.0 = Release|Any CPU
		{CF67A052-1AC0-44D9-B157-9EBBA3E8262B}.Debug|Any CPU.ActiveCfg = Debug|Any CPU
		{CF67A052-1AC0-44D9-B157-9EBBA3E8262B}.Debug|Any CPU.Build.0 = Debug|Any CPU
		{CF67A052-1AC0-44D9-B157-9EBBA3E8262B}.Release|Any CPU.ActiveCfg = Release|Any CPU
		{CF67A052-1AC0-44D9-B157-9EBBA3E8262B}.Release|Any CPU.Build.0 = Release|Any CPU
		{A869E00C-DA5E-49EA-8830-606D24D78BE0}.Debug|Any CPU.ActiveCfg = Debug|Any CPU
		{A869E00C-DA5E-49EA-8830-606D24D78BE0}.Debug|Any CPU.Build.0 = Debug|Any CPU
		{A869E00C-DA5E-49EA-8830-606D24D78BE0}.Release|Any CPU.ActiveCfg = Release|Any CPU
		{A869E00C-DA5E-49EA-8830-606D24D78BE0}.Release|Any CPU.Build.0 = Release|Any CPU
		{25D8BDAB-5EFE-4914-AA7A-2A309EAEDE3F}.Debug|Any CPU.ActiveCfg = Debug|Any CPU
		{25D8BDAB-5EFE-4914-AA7A-2A309EAEDE3F}.Debug|Any CPU.Build.0 = Debug|Any CPU
		{25D8BDAB-5EFE-4914-AA7A-2A309EAEDE3F}.Release|Any CPU.ActiveCfg = Release|Any CPU
		{25D8BDAB-5EFE-4914-AA7A-2A309EAEDE3F}.Release|Any CPU.Build.0 = Release|Any CPU
	EndGlobalSection
	GlobalSection(SolutionProperties) = preSolution
		HideSolutionNode = FALSE
	EndGlobalSection
	GlobalSection(ExtensibilityGlobals) = postSolution
		SolutionGuid = {9ED3EDD8-A886-4254-A90B-799D99CE04F7}
	EndGlobalSection
EndGlobal
